// !$*UTF8*$!
{
	archiveVersion = 1;
	classes = {
	};
	objectVersion = 46;
	objects = {

/* Begin PBXBuildFile section */
		8C123A3A1CBDA8850027DCBF /* BreweryTableViewController.swift in Sources */ = {isa = PBXBuildFile; fileRef = 8C123A391CBDA8850027DCBF /* BreweryTableViewController.swift */; };
		8C123A3C1CBDAA1C0027DCBF /* BreweryTableViewCell.swift in Sources */ = {isa = PBXBuildFile; fileRef = 8C123A3B1CBDAA1C0027DCBF /* BreweryTableViewCell.swift */; };
		8C4DD53A1CBC9DC700DAD4CD /* LocationManager.swift in Sources */ = {isa = PBXBuildFile; fileRef = 8C4DD5391CBC9DC700DAD4CD /* LocationManager.swift */; };
		8C4DD53C1CBC9E1300DAD4CD /* LocationViewController.swift in Sources */ = {isa = PBXBuildFile; fileRef = 8C4DD53B1CBC9E1300DAD4CD /* LocationViewController.swift */; };
		8CC03C9C1CBC31040053DD20 /* AppDelegate.swift in Sources */ = {isa = PBXBuildFile; fileRef = 8CC03C9B1CBC31040053DD20 /* AppDelegate.swift */; };
		8CC03C9E1CBC31040053DD20 /* BaseViewController.swift in Sources */ = {isa = PBXBuildFile; fileRef = 8CC03C9D1CBC31040053DD20 /* BaseViewController.swift */; };
		8CC03CA11CBC31040053DD20 /* Main.storyboard in Resources */ = {isa = PBXBuildFile; fileRef = 8CC03C9F1CBC31040053DD20 /* Main.storyboard */; };
		8CC03CA41CBC31040053DD20 /* BeerHunter.xcdatamodeld in Sources */ = {isa = PBXBuildFile; fileRef = 8CC03CA21CBC31040053DD20 /* BeerHunter.xcdatamodeld */; };
		8CC03CA61CBC31040053DD20 /* Assets.xcassets in Resources */ = {isa = PBXBuildFile; fileRef = 8CC03CA51CBC31040053DD20 /* Assets.xcassets */; };
		8CC03CA91CBC31040053DD20 /* LaunchScreen.storyboard in Resources */ = {isa = PBXBuildFile; fileRef = 8CC03CA71CBC31040053DD20 /* LaunchScreen.storyboard */; };
		8CC03CB11CBC34080053DD20 /* StylesViewController.swift in Sources */ = {isa = PBXBuildFile; fileRef = 8CC03CB01CBC34080053DD20 /* StylesViewController.swift */; };
		8CC03CB51CBC42040053DD20 /* ParallaxCollectionViewCell.swift in Sources */ = {isa = PBXBuildFile; fileRef = 8CC03CB41CBC42040053DD20 /* ParallaxCollectionViewCell.swift */; };
		8CC03CB81CBC59BF0053DD20 /* Brewery.swift in Sources */ = {isa = PBXBuildFile; fileRef = 8CC03CB71CBC59BF0053DD20 /* Brewery.swift */; };
		8CC03CBB1CBC5B570053DD20 /* Style.swift in Sources */ = {isa = PBXBuildFile; fileRef = 8CC03CBA1CBC5B570053DD20 /* Style.swift */; };
		8CC03CBD1CBC5C5C0053DD20 /* APIManager.swift in Sources */ = {isa = PBXBuildFile; fileRef = 8CC03CBC1CBC5C5C0053DD20 /* APIManager.swift */; };
		AD629CAE0E46A38A0A04EA2C /* Pods_BeerHunter.framework in Frameworks */ = {isa = PBXBuildFile; fileRef = 0E60069D8E60D965F219C878 /* Pods_BeerHunter.framework */; };
/* End PBXBuildFile section */

/* Begin PBXFileReference section */
		0E60069D8E60D965F219C878 /* Pods_BeerHunter.framework */ = {isa = PBXFileReference; explicitFileType = wrapper.framework; includeInIndex = 0; path = Pods_BeerHunter.framework; sourceTree = BUILT_PRODUCTS_DIR; };
		3484032BD28FB91F338C7356 /* Pods-BeerHunter.release.xcconfig */ = {isa = PBXFileReference; includeInIndex = 1; lastKnownFileType = text.xcconfig; name = "Pods-BeerHunter.release.xcconfig"; path = "Pods/Target Support Files/Pods-BeerHunter/Pods-BeerHunter.release.xcconfig"; sourceTree = "<group>"; };
		62154EAEC10A40AF7FA0E8ED /* Pods-BeerHunter.debug.xcconfig */ = {isa = PBXFileReference; includeInIndex = 1; lastKnownFileType = text.xcconfig; name = "Pods-BeerHunter.debug.xcconfig"; path = "Pods/Target Support Files/Pods-BeerHunter/Pods-BeerHunter.debug.xcconfig"; sourceTree = "<group>"; };
		8C123A391CBDA8850027DCBF /* BreweryTableViewController.swift */ = {isa = PBXFileReference; fileEncoding = 4; lastKnownFileType = sourcecode.swift; path = BreweryTableViewController.swift; sourceTree = "<group>"; };
		8C123A3B1CBDAA1C0027DCBF /* BreweryTableViewCell.swift */ = {isa = PBXFileReference; fileEncoding = 4; lastKnownFileType = sourcecode.swift; path = BreweryTableViewCell.swift; sourceTree = "<group>"; };
		8C4DD5391CBC9DC700DAD4CD /* LocationManager.swift */ = {isa = PBXFileReference; fileEncoding = 4; lastKnownFileType = sourcecode.swift; path = LocationManager.swift; sourceTree = "<group>"; };
		8C4DD53B1CBC9E1300DAD4CD /* LocationViewController.swift */ = {isa = PBXFileReference; fileEncoding = 4; lastKnownFileType = sourcecode.swift; path = LocationViewController.swift; sourceTree = "<group>"; };
		8CC03C981CBC31040053DD20 /* BeerHunter.app */ = {isa = PBXFileReference; explicitFileType = wrapper.application; includeInIndex = 0; path = BeerHunter.app; sourceTree = BUILT_PRODUCTS_DIR; };
		8CC03C9B1CBC31040053DD20 /* AppDelegate.swift */ = {isa = PBXFileReference; lastKnownFileType = sourcecode.swift; path = AppDelegate.swift; sourceTree = "<group>"; };
		8CC03C9D1CBC31040053DD20 /* BaseViewController.swift */ = {isa = PBXFileReference; lastKnownFileType = sourcecode.swift; path = BaseViewController.swift; sourceTree = "<group>"; };
		8CC03CA01CBC31040053DD20 /* Base */ = {isa = PBXFileReference; lastKnownFileType = file.storyboard; name = Base; path = Base.lproj/Main.storyboard; sourceTree = "<group>"; };
		8CC03CA31CBC31040053DD20 /* BeerHunter.xcdatamodel */ = {isa = PBXFileReference; lastKnownFileType = wrapper.xcdatamodel; path = BeerHunter.xcdatamodel; sourceTree = "<group>"; };
		8CC03CA51CBC31040053DD20 /* Assets.xcassets */ = {isa = PBXFileReference; lastKnownFileType = folder.assetcatalog; path = Assets.xcassets; sourceTree = "<group>"; };
		8CC03CA81CBC31040053DD20 /* Base */ = {isa = PBXFileReference; lastKnownFileType = file.storyboard; name = Base; path = Base.lproj/LaunchScreen.storyboard; sourceTree = "<group>"; };
		8CC03CAA1CBC31040053DD20 /* Info.plist */ = {isa = PBXFileReference; lastKnownFileType = text.plist.xml; path = Info.plist; sourceTree = "<group>"; };
		8CC03CB01CBC34080053DD20 /* StylesViewController.swift */ = {isa = PBXFileReference; fileEncoding = 4; lastKnownFileType = sourcecode.swift; path = StylesViewController.swift; sourceTree = "<group>"; };
		8CC03CB41CBC42040053DD20 /* ParallaxCollectionViewCell.swift */ = {isa = PBXFileReference; fileEncoding = 4; lastKnownFileType = sourcecode.swift; path = ParallaxCollectionViewCell.swift; sourceTree = "<group>"; };
		8CC03CB71CBC59BF0053DD20 /* Brewery.swift */ = {isa = PBXFileReference; fileEncoding = 4; lastKnownFileType = sourcecode.swift; path = Brewery.swift; sourceTree = "<group>"; };
		8CC03CBA1CBC5B570053DD20 /* Style.swift */ = {isa = PBXFileReference; fileEncoding = 4; lastKnownFileType = sourcecode.swift; path = Style.swift; sourceTree = "<group>"; };
		8CC03CBC1CBC5C5C0053DD20 /* APIManager.swift */ = {isa = PBXFileReference; fileEncoding = 4; lastKnownFileType = sourcecode.swift; path = APIManager.swift; sourceTree = "<group>"; };
/* End PBXFileReference section */

/* Begin PBXFrameworksBuildPhase section */
		8CC03C951CBC31040053DD20 /* Frameworks */ = {
			isa = PBXFrameworksBuildPhase;
			buildActionMask = 2147483647;
			files = (
				AD629CAE0E46A38A0A04EA2C /* Pods_BeerHunter.framework in Frameworks */,
			);
			runOnlyForDeploymentPostprocessing = 0;
		};
/* End PBXFrameworksBuildPhase section */

/* Begin PBXGroup section */
		651521678C22498F06C4A366 /* Frameworks */ = {
			isa = PBXGroup;
			children = (
				0E60069D8E60D965F219C878 /* Pods_BeerHunter.framework */,
			);
			name = Frameworks;
			sourceTree = "<group>";
		};
		8C123A381CBDA8400027DCBF /* View */ = {
			isa = PBXGroup;
			children = (
				8CC03CB41CBC42040053DD20 /* ParallaxCollectionViewCell.swift */,
				8C123A3B1CBDAA1C0027DCBF /* BreweryTableViewCell.swift */,
			);
			name = View;
			sourceTree = "<group>";
		};
		8C123A3D1CBEDAEA0027DCBF /* LocationControllers */ = {
			isa = PBXGroup;
			children = (
				8C4DD53B1CBC9E1300DAD4CD /* LocationViewController.swift */,
				8C123A391CBDA8850027DCBF /* BreweryTableViewController.swift */,
			);
			name = LocationControllers;
			sourceTree = "<group>";
		};
		8CC03C8F1CBC31040053DD20 = {
			isa = PBXGroup;
			children = (
				8CC03C9A1CBC31040053DD20 /* BeerHunter */,
				8CC03C991CBC31040053DD20 /* Products */,
				D4C2E623FE2536ED7A9D2EFD /* Pods */,
				651521678C22498F06C4A366 /* Frameworks */,
			);
			sourceTree = "<group>";
		};
		8CC03C991CBC31040053DD20 /* Products */ = {
			isa = PBXGroup;
			children = (
				8CC03C981CBC31040053DD20 /* BeerHunter.app */,
			);
			name = Products;
			sourceTree = "<group>";
		};
		8CC03C9A1CBC31040053DD20 /* BeerHunter */ = {
			isa = PBXGroup;
			children = (
				8CC03C9B1CBC31040053DD20 /* AppDelegate.swift */,
				8CC03CBE1CBC5C650053DD20 /* Helper */,
				8CC03CB91CBC59C50053DD20 /* Model */,
				8CC03CB61CBC420A0053DD20 /* Controller */,
				8C123A381CBDA8400027DCBF /* View */,
				8CC03C9F1CBC31040053DD20 /* Main.storyboard */,
				8CC03CA51CBC31040053DD20 /* Assets.xcassets */,
				8CC03CA71CBC31040053DD20 /* LaunchScreen.storyboard */,
				8CC03CAA1CBC31040053DD20 /* Info.plist */,
				8CC03CA21CBC31040053DD20 /* BeerHunter.xcdatamodeld */,
			);
			path = BeerHunter;
			sourceTree = "<group>";
		};
		8CC03CB61CBC420A0053DD20 /* Controller */ = {
			isa = PBXGroup;
			children = (
				8CC03C9D1CBC31040053DD20 /* BaseViewController.swift */,
				8CC03CB01CBC34080053DD20 /* StylesViewController.swift */,
				8C123A3D1CBEDAEA0027DCBF /* LocationControllers */,
			);
			name = Controller;
			sourceTree = "<group>";
		};
		8CC03CB91CBC59C50053DD20 /* Model */ = {
			isa = PBXGroup;
			children = (
				8CC03CB71CBC59BF0053DD20 /* Brewery.swift */,
				8CC03CBA1CBC5B570053DD20 /* Style.swift */,
			);
			name = Model;
			sourceTree = "<group>";
		};
		8CC03CBE1CBC5C650053DD20 /* Helper */ = {
			isa = PBXGroup;
			children = (
				8CC03CBC1CBC5C5C0053DD20 /* APIManager.swift */,
				8C4DD5391CBC9DC700DAD4CD /* LocationManager.swift */,
			);
			name = Helper;
			sourceTree = "<group>";
		};
		D4C2E623FE2536ED7A9D2EFD /* Pods */ = {
			isa = PBXGroup;
			children = (
				62154EAEC10A40AF7FA0E8ED /* Pods-BeerHunter.debug.xcconfig */,
				3484032BD28FB91F338C7356 /* Pods-BeerHunter.release.xcconfig */,
			);
			name = Pods;
			sourceTree = "<group>";
		};
/* End PBXGroup section */

/* Begin PBXNativeTarget section */
		8CC03C971CBC31040053DD20 /* BeerHunter */ = {
			isa = PBXNativeTarget;
			buildConfigurationList = 8CC03CAD1CBC31040053DD20 /* Build configuration list for PBXNativeTarget "BeerHunter" */;
			buildPhases = (
				E2CDC2ED329E28C3583A13CC /* Check Pods Manifest.lock */,
				8CC03C941CBC31040053DD20 /* Sources */,
				8CC03C951CBC31040053DD20 /* Frameworks */,
				8CC03C961CBC31040053DD20 /* Resources */,
				9926972762BF41D8B2814832 /* Embed Pods Frameworks */,
				7AC886A8321657A1665B86CE /* Copy Pods Resources */,
			);
			buildRules = (
			);
			dependencies = (
			);
			name = BeerHunter;
			productName = BeerHunter;
			productReference = 8CC03C981CBC31040053DD20 /* BeerHunter.app */;
			productType = "com.apple.product-type.application";
		};
/* End PBXNativeTarget section */

/* Begin PBXProject section */
		8CC03C901CBC31040053DD20 /* Project object */ = {
			isa = PBXProject;
			attributes = {
				LastSwiftUpdateCheck = 0730;
				LastUpgradeCheck = 0730;
				ORGANIZATIONNAME = Exis;
				TargetAttributes = {
					8CC03C971CBC31040053DD20 = {
						CreatedOnToolsVersion = 7.3;
					};
				};
			};
			buildConfigurationList = 8CC03C931CBC31040053DD20 /* Build configuration list for PBXProject "BeerHunter" */;
			compatibilityVersion = "Xcode 3.2";
			developmentRegion = English;
			hasScannedForEncodings = 0;
			knownRegions = (
				en,
				Base,
			);
			mainGroup = 8CC03C8F1CBC31040053DD20;
			productRefGroup = 8CC03C991CBC31040053DD20 /* Products */;
			projectDirPath = "";
			projectRoot = "";
			targets = (
				8CC03C971CBC31040053DD20 /* BeerHunter */,
			);
		};
/* End PBXProject section */

/* Begin PBXResourcesBuildPhase section */
		8CC03C961CBC31040053DD20 /* Resources */ = {
			isa = PBXResourcesBuildPhase;
			buildActionMask = 2147483647;
			files = (
				8CC03CA91CBC31040053DD20 /* LaunchScreen.storyboard in Resources */,
				8CC03CA61CBC31040053DD20 /* Assets.xcassets in Resources */,
				8CC03CA11CBC31040053DD20 /* Main.storyboard in Resources */,
			);
			runOnlyForDeploymentPostprocessing = 0;
		};
/* End PBXResourcesBuildPhase section */

/* Begin PBXShellScriptBuildPhase section */
		7AC886A8321657A1665B86CE /* Copy Pods Resources */ = {
			isa = PBXShellScriptBuildPhase;
			buildActionMask = 2147483647;
			files = (
			);
			inputPaths = (
			);
			name = "Copy Pods Resources";
			outputPaths = (
			);
			runOnlyForDeploymentPostprocessing = 0;
			shellPath = /bin/sh;
			shellScript = "\"${SRCROOT}/Pods/Target Support Files/Pods-BeerHunter/Pods-BeerHunter-resources.sh\"\n";
			showEnvVarsInLog = 0;
		};
		9926972762BF41D8B2814832 /* Embed Pods Frameworks */ = {
			isa = PBXShellScriptBuildPhase;
			buildActionMask = 2147483647;
			files = (
			);
			inputPaths = (
			);
			name = "Embed Pods Frameworks";
			outputPaths = (
			);
			runOnlyForDeploymentPostprocessing = 0;
			shellPath = /bin/sh;
			shellScript = "\"${SRCROOT}/Pods/Target Support Files/Pods-BeerHunter/Pods-BeerHunter-frameworks.sh\"\n";
			showEnvVarsInLog = 0;
		};
		E2CDC2ED329E28C3583A13CC /* Check Pods Manifest.lock */ = {
			isa = PBXShellScriptBuildPhase;
			buildActionMask = 2147483647;
			files = (
			);
			inputPaths = (
			);
			name = "Check Pods Manifest.lock";
			outputPaths = (
			);
			runOnlyForDeploymentPostprocessing = 0;
			shellPath = /bin/sh;
			shellScript = "diff \"${PODS_ROOT}/../Podfile.lock\" \"${PODS_ROOT}/Manifest.lock\" > /dev/null\nif [[ $? != 0 ]] ; then\n    cat << EOM\nerror: The sandbox is not in sync with the Podfile.lock. Run 'pod install' or update your CocoaPods installation.\nEOM\n    exit 1\nfi\n";
			showEnvVarsInLog = 0;
		};
/* End PBXShellScriptBuildPhase section */

/* Begin PBXSourcesBuildPhase section */
		8CC03C941CBC31040053DD20 /* Sources */ = {
			isa = PBXSourcesBuildPhase;
			buildActionMask = 2147483647;
			files = (
				8CC03CBD1CBC5C5C0053DD20 /* APIManager.swift in Sources */,
				8CC03CB11CBC34080053DD20 /* StylesViewController.swift in Sources */,
				8CC03CBB1CBC5B570053DD20 /* Style.swift in Sources */,
				8CC03C9E1CBC31040053DD20 /* BaseViewController.swift in Sources */,
				8C123A3A1CBDA8850027DCBF /* BreweryTableViewController.swift in Sources */,
				8CC03C9C1CBC31040053DD20 /* AppDelegate.swift in Sources */,
				8C4DD53C1CBC9E1300DAD4CD /* LocationViewController.swift in Sources */,
				8CC03CB51CBC42040053DD20 /* ParallaxCollectionViewCell.swift in Sources */,
				8C123A3C1CBDAA1C0027DCBF /* BreweryTableViewCell.swift in Sources */,
				8CC03CB81CBC59BF0053DD20 /* Brewery.swift in Sources */,
				8CC03CA41CBC31040053DD20 /* BeerHunter.xcdatamodeld in Sources */,
				8C4DD53A1CBC9DC700DAD4CD /* LocationManager.swift in Sources */,
			);
			runOnlyForDeploymentPostprocessing = 0;
		};
/* End PBXSourcesBuildPhase section */

/* Begin PBXVariantGroup section */
		8CC03C9F1CBC31040053DD20 /* Main.storyboard */ = {
			isa = PBXVariantGroup;
			children = (
				8CC03CA01CBC31040053DD20 /* Base */,
			);
			name = Main.storyboard;
			sourceTree = "<group>";
		};
		8CC03CA71CBC31040053DD20 /* LaunchScreen.storyboard */ = {
			isa = PBXVariantGroup;
			children = (
				8CC03CA81CBC31040053DD20 /* Base */,
			);
			name = LaunchScreen.storyboard;
			sourceTree = "<group>";
		};
/* End PBXVariantGroup section */

/* Begin XCBuildConfiguration section */
		8CC03CAB1CBC31040053DD20 /* Debug */ = {
			isa = XCBuildConfiguration;
			buildSettings = {
				ALWAYS_SEARCH_USER_PATHS = NO;
				CLANG_ANALYZER_NONNULL = YES;
				CLANG_CXX_LANGUAGE_STANDARD = "gnu++0x";
				CLANG_CXX_LIBRARY = "libc++";
				CLANG_ENABLE_MODULES = YES;
				CLANG_ENABLE_OBJC_ARC = YES;
				CLANG_WARN_BOOL_CONVERSION = YES;
				CLANG_WARN_CONSTANT_CONVERSION = YES;
				CLANG_WARN_DIRECT_OBJC_ISA_USAGE = YES_ERROR;
				CLANG_WARN_EMPTY_BODY = YES;
				CLANG_WARN_ENUM_CONVERSION = YES;
				CLANG_WARN_INT_CONVERSION = YES;
				CLANG_WARN_OBJC_ROOT_CLASS = YES_ERROR;
				CLANG_WARN_UNREACHABLE_CODE = YES;
				CLANG_WARN__DUPLICATE_METHOD_MATCH = YES;
				"CODE_SIGN_IDENTITY[sdk=iphoneos*]" = "iPhone Developer";
				COPY_PHASE_STRIP = NO;
				DEBUG_INFORMATION_FORMAT = dwarf;
				ENABLE_STRICT_OBJC_MSGSEND = YES;
				ENABLE_TESTABILITY = YES;
				GCC_C_LANGUAGE_STANDARD = gnu99;
				GCC_DYNAMIC_NO_PIC = NO;
				GCC_NO_COMMON_BLOCKS = YES;
				GCC_OPTIMIZATION_LEVEL = 0;
				GCC_PREPROCESSOR_DEFINITIONS = (
					"DEBUG=1",
					"$(inherited)",
				);
				GCC_WARN_64_TO_32_BIT_CONVERSION = YES;
				GCC_WARN_ABOUT_RETURN_TYPE = YES_ERROR;
				GCC_WARN_UNDECLARED_SELECTOR = YES;
				GCC_WARN_UNINITIALIZED_AUTOS = YES_AGGRESSIVE;
				GCC_WARN_UNUSED_FUNCTION = YES;
				GCC_WARN_UNUSED_VARIABLE = YES;
				IPHONEOS_DEPLOYMENT_TARGET = 9.3;
				MTL_ENABLE_DEBUG_INFO = YES;
				ONLY_ACTIVE_ARCH = YES;
				SDKROOT = iphoneos;
				SWIFT_OPTIMIZATION_LEVEL = "-Onone";
			};
			name = Debug;
		};
		8CC03CAC1CBC31040053DD20 /* Release */ = {
			isa = XCBuildConfiguration;
			buildSettings = {
				ALWAYS_SEARCH_USER_PATHS = NO;
				CLANG_ANALYZER_NONNULL = YES;
				CLANG_CXX_LANGUAGE_STANDARD = "gnu++0x";
				CLANG_CXX_LIBRARY = "libc++";
				CLANG_ENABLE_MODULES = YES;
				CLANG_ENABLE_OBJC_ARC = YES;
				CLANG_WARN_BOOL_CONVERSION = YES;
				CLANG_WARN_CONSTANT_CONVERSION = YES;
				CLANG_WARN_DIRECT_OBJC_ISA_USAGE = YES_ERROR;
				CLANG_WARN_EMPTY_BODY = YES;
				CLANG_WARN_ENUM_CONVERSION = YES;
				CLANG_WARN_INT_CONVERSION = YES;
				CLANG_WARN_OBJC_ROOT_CLASS = YES_ERROR;
				CLANG_WARN_UNREACHABLE_CODE = YES;
				CLANG_WARN__DUPLICATE_METHOD_MATCH = YES;
				"CODE_SIGN_IDENTITY[sdk=iphoneos*]" = "iPhone Developer";
				COPY_PHASE_STRIP = NO;
				DEBUG_INFORMATION_FORMAT = "dwarf-with-dsym";
				ENABLE_NS_ASSERTIONS = NO;
				ENABLE_STRICT_OBJC_MSGSEND = YES;
				GCC_C_LANGUAGE_STANDARD = gnu99;
				GCC_NO_COMMON_BLOCKS = YES;
				GCC_WARN_64_TO_32_BIT_CONVERSION = YES;
				GCC_WARN_ABOUT_RETURN_TYPE = YES_ERROR;
				GCC_WARN_UNDECLARED_SELECTOR = YES;
				GCC_WARN_UNINITIALIZED_AUTOS = YES_AGGRESSIVE;
				GCC_WARN_UNUSED_FUNCTION = YES;
				GCC_WARN_UNUSED_VARIABLE = YES;
				IPHONEOS_DEPLOYMENT_TARGET = 9.3;
				MTL_ENABLE_DEBUG_INFO = NO;
				SDKROOT = iphoneos;
				VALIDATE_PRODUCT = YES;
			};
			name = Release;
		};
		8CC03CAE1CBC31040053DD20 /* Debug */ = {
			isa = XCBuildConfiguration;
			baseConfigurationReference = 62154EAEC10A40AF7FA0E8ED /* Pods-BeerHunter.debug.xcconfig */;
			buildSettings = {
				ASSETCATALOG_COMPILER_APPICON_NAME = AppIcon;
				INFOPLIST_FILE = BeerHunter/Info.plist;
				LD_RUNPATH_SEARCH_PATHS = "$(inherited) @executable_path/Frameworks";
				PRODUCT_BUNDLE_IDENTIFIER = com.Exis.BeerHunter.BeerHunter;
				PRODUCT_NAME = "$(TARGET_NAME)";
			};
			name = Debug;
		};
		8CC03CAF1CBC31040053DD20 /* Release */ = {
			isa = XCBuildConfiguration;
			baseConfigurationReference = 3484032BD28FB91F338C7356 /* Pods-BeerHunter.release.xcconfig */;
			buildSettings = {
				ASSETCATALOG_COMPILER_APPICON_NAME = AppIcon;
				INFOPLIST_FILE = BeerHunter/Info.plist;
				LD_RUNPATH_SEARCH_PATHS = "$(inherited) @executable_path/Frameworks";
				PRODUCT_BUNDLE_IDENTIFIER = com.Exis.BeerHunter.BeerHunter;
				PRODUCT_NAME = "$(TARGET_NAME)";
			};
			name = Release;
		};
/* End XCBuildConfiguration section */

/* Begin XCConfigurationList section */
		8CC03C931CBC31040053DD20 /* Build configuration list for PBXProject "BeerHunter" */ = {
			isa = XCConfigurationList;
			buildConfigurations = (
				8CC03CAB1CBC31040053DD20 /* Debug */,
				8CC03CAC1CBC31040053DD20 /* Release */,
			);
			defaultConfigurationIsVisible = 0;
			defaultConfigurationName = Release;
		};
		8CC03CAD1CBC31040053DD20 /* Build configuration list for PBXNativeTarget "BeerHunter" */ = {
			isa = XCConfigurationList;
			buildConfigurations = (
				8CC03CAE1CBC31040053DD20 /* Debug */,
				8CC03CAF1CBC31040053DD20 /* Release */,
			);
			defaultConfigurationIsVisible = 0;
			defaultConfigurationName = Release;
		};
/* End XCConfigurationList section */

/* Begin XCVersionGroup section */
		8CC03CA21CBC31040053DD20 /* BeerHunter.xcdatamodeld */ = {
			isa = XCVersionGroup;
			children = (
				8CC03CA31CBC31040053DD20 /* BeerHunter.xcdatamodel */,
			);
			currentVersion = 8CC03CA31CBC31040053DD20 /* BeerHunter.xcdatamodel */;
			path = BeerHunter.xcdatamodeld;
			sourceTree = "<group>";
			versionGroupType = wrapper.xcdatamodel;
		};
/* End XCVersionGroup section */
	};
	rootObject = 8CC03C901CBC31040053DD20 /* Project object */;
}
